github.com/two/e v0.0.0-20191216080240-72ed773eae7d h1:wFJJxCnp8vNH+M/Lm4IQDWDnCx46t6tvbVtb/XFIiAE=
github.com/two/e v0.0.0-20191216080240-72ed773eae7d/go.mod h1:RczHMX2xzAngm2z2jYPtHRxyJWl99oJDlZI7RHy7zfo=
github.com/two/e v1.1.0 h1:S83wrZo3iStLPWh+tPoINMWlSQUi8eDab6ie2vplclc=
github.com/two/e v1.1.0/go.mod h1:RczHMX2xzAngm2z2jYPtHRxyJWl99oJDlZI7RHy7zfo=
github.com/two/e v1.2.0 h1:jJIqW7+D0MJh8g5B1amYojQvtQdhKsYqEe17QWU6oEw=
github.com/two/e v1.2.0/go.mod h1:RczHMX2xzAngm2z2jYPtHRxyJWl99oJDlZI7RHy7zfo=
